
Microsoft Visual Studio Solution File, Format Version 12.00
# Visual Studio 15
VisualStudioVersion = 15.0.26430.16
MinimumVisualStudioVersion = 10.0.40219.1
Project("{E24C65DC-7377-472B-9ABA-BC803B73C61A}") = "WebSiteCopy", "F:\OneDrive\University\ASP\WebSiteCopy\", "{430DEA4E-1084-4544-B6BA-A89119FCEE02}"
	ProjectSection(WebsiteProperties) = preProject
		TargetFrameworkMoniker = ".NETFramework,Version%3Dv4.6.1"
		Debug.AspNetCompiler.VirtualPath = "/localhost_54237"
		Debug.AspNetCompiler.PhysicalPath = "F:\OneDrive\University\ASP\WebSiteCopy\"
		Debug.AspNetCompiler.TargetPath = "PrecompiledWeb\localhost_54237\"
		Debug.AspNetCompiler.Updateable = "true"
		Debug.AspNetCompiler.ForceOverwrite = "true"
		Debug.AspNetCompiler.FixedNames = "false"
		Debug.AspNetCompiler.Debug = "True"
		Release.AspNetCompiler.VirtualPath = "/localhost_54237"
		Release.AspNetCompiler.PhysicalPath = "F:\OneDrive\University\ASP\WebSiteCopy\"
		Release.AspNetCompiler.TargetPath = "PrecompiledWeb\localhost_54237\"
		Release.AspNetCompiler.Updateable = "true"
		Release.AspNetCompiler.ForceOverwrite = "true"
		Release.AspNetCompiler.FixedNames = "false"
		Release.AspNetCompiler.Debug = "False"
		VWDPort = "54237"
		SlnRelativePath = "F:\OneDrive\University\ASP\WebSiteCopy\"
		DefaultWebSiteLanguage = "Visual C#"
	EndProjectSection
EndProject
Global
	GlobalSection(SolutionConfigurationPlatforms) = preSolution
		Debug|Any CPU = Debug|Any CPU
	EndGlobalSection
	GlobalSection(ProjectConfigurationPlatforms) = postSolution
		{430DEA4E-1084-4544-B6BA-A89119FCEE02}.Debug|Any CPU.ActiveCfg = Debug|Any CPU
		{430DEA4E-1084-4544-B6BA-A89119FCEE02}.Debug|Any CPU.Build.0 = Debug|Any CPU
	EndGlobalSection
	GlobalSection(SolutionProperties) = preSolution
		HideSolutionNode = FALSE
	EndGlobalSection
EndGlobal
